
Microsoft Visual Studio Solution File, Format Version 12.00
# Visual Studio Version 17
VisualStudioVersion = 17.5.33424.131
MinimumVisualStudioVersion = 10.0.40219.1
Project("{9A19103F-16F7-4668-BE54-9A1E7A4F7556}") = "BlazorApp", "BlazorApp\BlazorApp.csproj", "{7ED8A7B9-DBDE-44DF-83E4-4C971100AAE0}"
EndProject
Project("{9A19103F-16F7-4668-BE54-9A1E7A4F7556}") = "BlazorApp.DAL", "BlazorApp.Models\BlazorApp.DAL.csproj", "{FAF7B7A8-5FAC-4BBE-8675-C31E59A86308}"
EndProject
Project("{FAE04EC0-301F-11D3-BF4B-00C04F79EFBC}") = "BlazorApp.BLL", "BlazorApp.BLL\BlazorApp.BLL.csproj", "{61BB65DF-77DB-428E-ACD4-2276C1342929}"
EndProject
Global
	GlobalSection(SolutionConfigurationPlatforms) = preSolution
		Debug|Any CPU = Debug|Any CPU
		Release|Any CPU = Release|Any CPU
	EndGlobalSection
	GlobalSection(ProjectConfigurationPlatforms) = postSolution
		{7ED8A7B9-DBDE-44DF-83E4-4C971100AAE0}.Debug|Any CPU.ActiveCfg = Debug|Any CPU
		{7ED8A7B9-DBDE-44DF-83E4-4C971100AAE0}.Debug|Any CPU.Build.0 = Debug|Any CPU
		{7ED8A7B9-DBDE-44DF-83E4-4C971100AAE0}.Release|Any CPU.ActiveCfg = Release|Any CPU
		{7ED8A7B9-DBDE-44DF-83E4-4C971100AAE0}.Release|Any CPU.Build.0 = Release|Any CPU
		{FAF7B7A8-5FAC-4BBE-8675-C31E59A86308}.Debug|Any CPU.ActiveCfg = Debug|Any CPU
		{FAF7B7A8-5FAC-4BBE-8675-C31E59A86308}.Debug|Any CPU.Build.0 = Debug|Any CPU
		{FAF7B7A8-5FAC-4BBE-8675-C31E59A86308}.Release|Any CPU.ActiveCfg = Release|Any CPU
		{FAF7B7A8-5FAC-4BBE-8675-C31E59A86308}.Release|Any CPU.Build.0 = Release|Any CPU
		{61BB65DF-77DB-428E-ACD4-2276C1342929}.Debug|Any CPU.ActiveCfg = Debug|Any CPU
		{61BB65DF-77DB-428E-ACD4-2276C1342929}.Debug|Any CPU.Build.0 = Debug|Any CPU
		{61BB65DF-77DB-428E-ACD4-2276C1342929}.Release|Any CPU.ActiveCfg = Release|Any CPU
		{61BB65DF-77DB-428E-ACD4-2276C1342929}.Release|Any CPU.Build.0 = Release|Any CPU
	EndGlobalSection
	GlobalSection(SolutionProperties) = preSolution
		HideSolutionNode = FALSE
	EndGlobalSection
	GlobalSection(ExtensibilityGlobals) = postSolution
		SolutionGuid = {3EE79F9E-F777-4F71-B968-3C28FE34479C}
	EndGlobalSection
EndGlobal
